
Microsoft Visual Studio Solution File, Format Version 12.00
# Visual Studio Version 17
VisualStudioVersion = 17.9.34723.18
MinimumVisualStudioVersion = 10.0.40219.1
Project("{FAE04EC0-301F-11D3-BF4B-00C04F79EFBC}") = "VacinePet", "VacinePet\VacinePet.csproj", "{8EB0044D-4193-4FFB-916B-39411A720B79}"
EndProject
Global
	GlobalSection(SolutionConfigurationPlatforms) = preSolution
		Debug|Any CPU = Debug|Any CPU
		Release|Any CPU = Release|Any CPU
	EndGlobalSection
	GlobalSection(ProjectConfigurationPlatforms) = postSolution
		{8EB0044D-4193-4FFB-916B-39411A720B79}.Debug|Any CPU.ActiveCfg = Debug|Any CPU
		{8EB0044D-4193-4FFB-916B-39411A720B79}.Debug|Any CPU.Build.0 = Debug|Any CPU
		{8EB0044D-4193-4FFB-916B-39411A720B79}.Release|Any CPU.ActiveCfg = Release|Any CPU
		{8EB0044D-4193-4FFB-916B-39411A720B79}.Release|Any CPU.Build.0 = Release|Any CPU
	EndGlobalSection
	GlobalSection(SolutionProperties) = preSolution
		HideSolutionNode = FALSE
	EndGlobalSection
	GlobalSection(ExtensibilityGlobals) = postSolution
		SolutionGuid = {5BE1317C-511B-44D3-9527-ABB5E61D18DC}
	EndGlobalSection
EndGlobal
